// !$*UTF8*$!
{
	archiveVersion = 1;
	classes = {
	};
	objectVersion = 50;
	objects = {

/* Begin PBXBuildFile section */
		2269D80F22AD284B00D07486 /* benchmark.cpp in Sources */ = {isa = PBXBuildFile; fileRef = 2269D80D22AD284B00D07486 /* benchmark.cpp */; };
		2269D81222AD40C300D07486 /* test.cpp in Sources */ = {isa = PBXBuildFile; fileRef = 2269D81022AD40C300D07486 /* test.cpp */; };
		22B636C422ACFEE400B48889 /* main.cpp in Sources */ = {isa = PBXBuildFile; fileRef = 22B636C322ACFEE400B48889 /* main.cpp */; };
		22B6C80C22AD00FF005FE877 /* timers.cc in Sources */ = {isa = PBXBuildFile; fileRef = 22B6C7E522AD00DB005FE877 /* timers.cc */; };
		22B6C80D22AD0103005FE877 /* commandlineflags.cc in Sources */ = {isa = PBXBuildFile; fileRef = 22B6C7E722AD00DB005FE877 /* commandlineflags.cc */; };
		22B6C80E22AD0106005FE877 /* statistics.cc in Sources */ = {isa = PBXBuildFile; fileRef = 22B6C7E822AD00DB005FE877 /* statistics.cc */; };
		22B6C80F22AD0121005FE877 /* benchmark_runner.cc in Sources */ = {isa = PBXBuildFile; fileRef = 22B6C7EC22AD00DB005FE877 /* benchmark_runner.cc */; };
		22B6C81022AD0121005FE877 /* console_reporter.cc in Sources */ = {isa = PBXBuildFile; fileRef = 22B6C7ED22AD00DB005FE877 /* console_reporter.cc */; };
		22B6C81122AD0121005FE877 /* benchmark_register.cc in Sources */ = {isa = PBXBuildFile; fileRef = 22B6C7F022AD00DB005FE877 /* benchmark_register.cc */; };
		22B6C81222AD0121005FE877 /* counter.cc in Sources */ = {isa = PBXBuildFile; fileRef = 22B6C7F322AD00DB005FE877 /* counter.cc */; };
		22B6C81322AD0121005FE877 /* sleep.cc in Sources */ = {isa = PBXBuildFile; fileRef = 22B6C7F822AD00DB005FE877 /* sleep.cc */; };
		22B6C81422AD0121005FE877 /* sysinfo.cc in Sources */ = {isa = PBXBuildFile; fileRef = 22B6C7F922AD00DB005FE877 /* sysinfo.cc */; };
		22B6C81522AD0121005FE877 /* csv_reporter.cc in Sources */ = {isa = PBXBuildFile; fileRef = 22B6C7FA22AD00DB005FE877 /* csv_reporter.cc */; };
		22B6C81622AD0121005FE877 /* benchmark_api_internal.cc in Sources */ = {isa = PBXBuildFile; fileRef = 22B6C7FB22AD00DB005FE877 /* benchmark_api_internal.cc */; };
		22B6C81722AD0121005FE877 /* benchmark_main.cc in Sources */ = {isa = PBXBuildFile; fileRef = 22B6C7FC22AD00DB005FE877 /* benchmark_main.cc */; };
		22B6C81822AD0121005FE877 /* benchmark_name.cc in Sources */ = {isa = PBXBuildFile; fileRef = 22B6C7FD22AD00DB005FE877 /* benchmark_name.cc */; };
		22B6C81922AD0121005FE877 /* complexity.cc in Sources */ = {isa = PBXBuildFile; fileRef = 22B6C7FE22AD00DB005FE877 /* complexity.cc */; };
		22B6C81A22AD0121005FE877 /* json_reporter.cc in Sources */ = {isa = PBXBuildFile; fileRef = 22B6C80022AD00DB005FE877 /* json_reporter.cc */; };
		22B6C81B22AD0121005FE877 /* reporter.cc in Sources */ = {isa = PBXBuildFile; fileRef = 22B6C80222AD00DB005FE877 /* reporter.cc */; };
		22B6C81C22AD0121005FE877 /* colorprint.cc in Sources */ = {isa = PBXBuildFile; fileRef = 22B6C80322AD00DB005FE877 /* colorprint.cc */; };
		22B6C81D22AD0121005FE877 /* string_util.cc in Sources */ = {isa = PBXBuildFile; fileRef = 22B6C80822AD00DB005FE877 /* string_util.cc */; };
		22B6C81E22AD0121005FE877 /* benchmark.cc in Sources */ = {isa = PBXBuildFile; fileRef = 22B6C80B22AD00DB005FE877 /* benchmark.cc */; };
		22B6C82222AD014C005FE877 /* libgoogle_benchmark.a in Frameworks */ = {isa = PBXBuildFile; fileRef = 225DB29622AD007600AE33F4 /* libgoogle_benchmark.a */; };
/* End PBXBuildFile section */

/* Begin PBXContainerItemProxy section */
		22B6C81F22AD0147005FE877 /* PBXContainerItemProxy */ = {
			isa = PBXContainerItemProxy;
			containerPortal = 22B636B822ACFEE400B48889 /* Project object */;
			proxyType = 1;
			remoteGlobalIDString = 225DB29522AD007600AE33F4;
			remoteInfo = google_benchmark;
		};
/* End PBXContainerItemProxy section */

/* Begin PBXCopyFilesBuildPhase section */
		22B636BE22ACFEE400B48889 /* CopyFiles */ = {
			isa = PBXCopyFilesBuildPhase;
			buildActionMask = 2147483647;
			dstPath = /usr/share/man/man1/;
			dstSubfolderSpec = 0;
			files = (
			);
			runOnlyForDeploymentPostprocessing = 1;
		};
/* End PBXCopyFilesBuildPhase section */

/* Begin PBXFileReference section */
		225DB29622AD007600AE33F4 /* libgoogle_benchmark.a */ = {isa = PBXFileReference; explicitFileType = archive.ar; includeInIndex = 0; path = libgoogle_benchmark.a; sourceTree = BUILT_PRODUCTS_DIR; };
		2269D80B22AD22B400D07486 /* premultiply_alpha.hpp */ = {isa = PBXFileReference; lastKnownFileType = sourcecode.cpp.h; path = premultiply_alpha.hpp; sourceTree = "<group>"; };
		2269D80D22AD284B00D07486 /* benchmark.cpp */ = {isa = PBXFileReference; lastKnownFileType = sourcecode.cpp.cpp; path = benchmark.cpp; sourceTree = "<group>"; };
		2269D80E22AD284B00D07486 /* benchmark.hpp */ = {isa = PBXFileReference; lastKnownFileType = sourcecode.cpp.h; path = benchmark.hpp; sourceTree = "<group>"; };
		2269D81022AD40C300D07486 /* test.cpp */ = {isa = PBXFileReference; lastKnownFileType = sourcecode.cpp.cpp; path = test.cpp; sourceTree = "<group>"; };
		2269D81122AD40C300D07486 /* test.hpp */ = {isa = PBXFileReference; lastKnownFileType = sourcecode.cpp.h; path = test.hpp; sourceTree = "<group>"; };
		22B636C022ACFEE400B48889 /* premultiply_alpha */ = {isa = PBXFileReference; explicitFileType = "compiled.mach-o.executable"; includeInIndex = 0; path = premultiply_alpha; sourceTree = BUILT_PRODUCTS_DIR; };
		22B636C322ACFEE400B48889 /* main.cpp */ = {isa = PBXFileReference; lastKnownFileType = sourcecode.cpp.cpp; path = main.cpp; sourceTree = "<group>"; };
		22B6C77E22AD00DB005FE877 /* mingw.py */ = {isa = PBXFileReference; lastKnownFileType = text.script.python; path = mingw.py; sourceTree = "<group>"; };
		22B6C78022AD00DB005FE877 /* strip_asm.py */ = {isa = PBXFileReference; lastKnownFileType = text.script.python; path = strip_asm.py; sourceTree = "<group>"; };
		22B6C78222AD00DB005FE877 /* util.py */ = {isa = PBXFileReference; lastKnownFileType = text.script.python; path = util.py; sourceTree = "<group>"; };
		22B6C78322AD00DB005FE877 /* __init__.py */ = {isa = PBXFileReference; lastKnownFileType = text.script.python; path = __init__.py; sourceTree = "<group>"; };
		22B6C78422AD00DB005FE877 /* report.py */ = {isa = PBXFileReference; lastKnownFileType = text.script.python; path = report.py; sourceTree = "<group>"; };
		22B6C78622AD00DB005FE877 /* test2_run.json */ = {isa = PBXFileReference; lastKnownFileType = text.json; path = test2_run.json; sourceTree = "<group>"; };
		22B6C78722AD00DB005FE877 /* test3_run1.json */ = {isa = PBXFileReference; lastKnownFileType = text.json; path = test3_run1.json; sourceTree = "<group>"; };
		22B6C78822AD00DB005FE877 /* test3_run0.json */ = {isa = PBXFileReference; lastKnownFileType = text.json; path = test3_run0.json; sourceTree = "<group>"; };
		22B6C78922AD00DB005FE877 /* test1_run2.json */ = {isa = PBXFileReference; lastKnownFileType = text.json; path = test1_run2.json; sourceTree = "<group>"; };
		22B6C78A22AD00DB005FE877 /* test1_run1.json */ = {isa = PBXFileReference; lastKnownFileType = text.json; path = test1_run1.json; sourceTree = "<group>"; };
		22B6C78B22AD00DB005FE877 /* compare.py */ = {isa = PBXFileReference; lastKnownFileType = text.script.python; path = compare.py; sourceTree = "<group>"; };
		22B6C78C22AD00DB005FE877 /* releasing.md */ = {isa = PBXFileReference; lastKnownFileType = net.daringfireball.markdown; path = releasing.md; sourceTree = "<group>"; };
		22B6C78D22AD00DB005FE877 /* CMakeLists.txt */ = {isa = PBXFileReference; lastKnownFileType = text; path = CMakeLists.txt; sourceTree = "<group>"; };
		22B6C78E22AD00DB005FE877 /* .travis-libcxx-setup.sh */ = {isa = PBXFileReference; lastKnownFileType = text.script.sh; path = ".travis-libcxx-setup.sh"; sourceTree = "<group>"; };
		22B6C78F22AD00DB005FE877 /* LICENSE */ = {isa = PBXFileReference; lastKnownFileType = text; path = LICENSE; sourceTree = "<group>"; };
		22B6C79122AD00DB005FE877 /* user_counters_test.cc */ = {isa = PBXFileReference; lastKnownFileType = sourcecode.cpp.cpp; path = user_counters_test.cc; sourceTree = "<group>"; };
		22B6C79222AD00DB005FE877 /* diagnostics_test.cc */ = {isa = PBXFileReference; lastKnownFileType = sourcecode.cpp.cpp; path = diagnostics_test.cc; sourceTree = "<group>"; };
		22B6C79322AD00DB005FE877 /* AssemblyTests.cmake */ = {isa = PBXFileReference; lastKnownFileType = text; path = AssemblyTests.cmake; sourceTree = "<group>"; };
		22B6C79422AD00DB005FE877 /* benchmark_test.cc */ = {isa = PBXFileReference; lastKnownFileType = sourcecode.cpp.cpp; path = benchmark_test.cc; sourceTree = "<group>"; };
		22B6C79522AD00DB005FE877 /* donotoptimize_assembly_test.cc */ = {isa = PBXFileReference; lastKnownFileType = sourcecode.cpp.cpp; path = donotoptimize_assembly_test.cc; sourceTree = "<group>"; };
		22B6C79622AD00DB005FE877 /* CMakeLists.txt */ = {isa = PBXFileReference; lastKnownFileType = text; path = CMakeLists.txt; sourceTree = "<group>"; };
		22B6C79722AD00DB005FE877 /* basic_test.cc */ = {isa = PBXFileReference; lastKnownFileType = sourcecode.cpp.cpp; path = basic_test.cc; sourceTree = "<group>"; };
		22B6C79822AD00DB005FE877 /* memory_manager_test.cc */ = {isa = PBXFileReference; lastKnownFileType = sourcecode.cpp.cpp; path = memory_manager_test.cc; sourceTree = "<group>"; };
		22B6C79922AD00DB005FE877 /* string_util_gtest.cc */ = {isa = PBXFileReference; lastKnownFileType = sourcecode.cpp.cpp; path = string_util_gtest.cc; sourceTree = "<group>"; };
		22B6C79A22AD00DB005FE877 /* output_test.h */ = {isa = PBXFileReference; lastKnownFileType = sourcecode.c.h; path = output_test.h; sourceTree = "<group>"; };
		22B6C79B22AD00DB005FE877 /* skip_with_error_test.cc */ = {isa = PBXFileReference; lastKnownFileType = sourcecode.cpp.cpp; path = skip_with_error_test.cc; sourceTree = "<group>"; };
		22B6C79C22AD00DB005FE877 /* map_test.cc */ = {isa = PBXFileReference; lastKnownFileType = sourcecode.cpp.cpp; path = map_test.cc; sourceTree = "<group>"; };
		22B6C79D22AD00DB005FE877 /* state_assembly_test.cc */ = {isa = PBXFileReference; lastKnownFileType = sourcecode.cpp.cpp; path = state_assembly_test.cc; sourceTree = "<group>"; };
		22B6C79E22AD00DB005FE877 /* user_counters_thousands_test.cc */ = {isa = PBXFileReference; lastKnownFileType = sourcecode.cpp.cpp; path = user_counters_thousands_test.cc; sourceTree = "<group>"; };
		22B6C79F22AD00DB005FE877 /* benchmark_name_gtest.cc */ = {isa = PBXFileReference; lastKnownFileType = sourcecode.cpp.cpp; path = benchmark_name_gtest.cc; sourceTree = "<group>"; };
		22B6C7A022AD00DB005FE877 /* clobber_memory_assembly_test.cc */ = {isa = PBXFileReference; lastKnownFileType = sourcecode.cpp.cpp; path = clobber_memory_assembly_test.cc; sourceTree = "<group>"; };
		22B6C7A122AD00DB005FE877 /* output_test_helper.cc */ = {isa = PBXFileReference; lastKnownFileType = sourcecode.cpp.cpp; path = output_test_helper.cc; sourceTree = "<group>"; };
		22B6C7A222AD00DB005FE877 /* options_test.cc */ = {isa = PBXFileReference; lastKnownFileType = sourcecode.cpp.cpp; path = options_test.cc; sourceTree = "<group>"; };
		22B6C7A322AD00DB005FE877 /* display_aggregates_only_test.cc */ = {isa = PBXFileReference; lastKnownFileType = sourcecode.cpp.cpp; path = display_aggregates_only_test.cc; sourceTree = "<group>"; };
		22B6C7A422AD00DB005FE877 /* benchmark_gtest.cc */ = {isa = PBXFileReference; lastKnownFileType = sourcecode.cpp.cpp; path = benchmark_gtest.cc; sourceTree = "<group>"; };
		22B6C7A522AD00DB005FE877 /* link_main_test.cc */ = {isa = PBXFileReference; lastKnownFileType = sourcecode.cpp.cpp; path = link_main_test.cc; sourceTree = "<group>"; };
		22B6C7A622AD00DB005FE877 /* complexity_test.cc */ = {isa = PBXFileReference; lastKnownFileType = sourcecode.cpp.cpp; path = complexity_test.cc; sourceTree = "<group>"; };
		22B6C7A722AD00DB005FE877 /* fixture_test.cc */ = {isa = PBXFileReference; lastKnownFileType = sourcecode.cpp.cpp; path = fixture_test.cc; sourceTree = "<group>"; };
		22B6C7A822AD00DB005FE877 /* statistics_gtest.cc */ = {isa = PBXFileReference; lastKnownFileType = sourcecode.cpp.cpp; path = statistics_gtest.cc; sourceTree = "<group>"; };
		22B6C7A922AD00DB005FE877 /* internal_threading_test.cc */ = {isa = PBXFileReference; lastKnownFileType = sourcecode.cpp.cpp; path = internal_threading_test.cc; sourceTree = "<group>"; };
		22B6C7AA22AD00DB005FE877 /* cxx03_test.cc */ = {isa = PBXFileReference; lastKnownFileType = sourcecode.cpp.cpp; path = cxx03_test.cc; sourceTree = "<group>"; };
		22B6C7AB22AD00DB005FE877 /* commandlineflags_gtest.cc */ = {isa = PBXFileReference; lastKnownFileType = sourcecode.cpp.cpp; path = commandlineflags_gtest.cc; sourceTree = "<group>"; };
		22B6C7AC22AD00DB005FE877 /* donotoptimize_test.cc */ = {isa = PBXFileReference; lastKnownFileType = sourcecode.cpp.cpp; path = donotoptimize_test.cc; sourceTree = "<group>"; };
		22B6C7AD22AD00DB005FE877 /* user_counters_tabular_test.cc */ = {isa = PBXFileReference; lastKnownFileType = sourcecode.cpp.cpp; path = user_counters_tabular_test.cc; sourceTree = "<group>"; };
		22B6C7AE22AD00DB005FE877 /* report_aggregates_only_test.cc */ = {isa = PBXFileReference; lastKnownFileType = sourcecode.cpp.cpp; path = report_aggregates_only_test.cc; sourceTree = "<group>"; };
		22B6C7AF22AD00DB005FE877 /* multiple_ranges_test.cc */ = {isa = PBXFileReference; lastKnownFileType = sourcecode.cpp.cpp; path = multiple_ranges_test.cc; sourceTree = "<group>"; };
		22B6C7B022AD00DB005FE877 /* reporter_output_test.cc */ = {isa = PBXFileReference; lastKnownFileType = sourcecode.cpp.cpp; path = reporter_output_test.cc; sourceTree = "<group>"; };
		22B6C7B122AD00DB005FE877 /* BUILD */ = {isa = PBXFileReference; lastKnownFileType = text; path = BUILD; sourceTree = "<group>"; };
		22B6C7B222AD00DB005FE877 /* filter_test.cc */ = {isa = PBXFileReference; lastKnownFileType = sourcecode.cpp.cpp; path = filter_test.cc; sourceTree = "<group>"; };
		22B6C7B322AD00DB005FE877 /* register_benchmark_test.cc */ = {isa = PBXFileReference; lastKnownFileType = sourcecode.cpp.cpp; path = register_benchmark_test.cc; sourceTree = "<group>"; };
		22B6C7B422AD00DB005FE877 /* templated_fixture_test.cc */ = {isa = PBXFileReference; lastKnownFileType = sourcecode.cpp.cpp; path = templated_fixture_test.cc; sourceTree = "<group>"; };
		22B6C7B622AD00DB005FE877 /* posix_regex.cpp */ = {isa = PBXFileReference; lastKnownFileType = sourcecode.cpp.cpp; path = posix_regex.cpp; sourceTree = "<group>"; };
		22B6C7B722AD00DB005FE877 /* split_list.cmake */ = {isa = PBXFileReference; lastKnownFileType = text; path = split_list.cmake; sourceTree = "<group>"; };
		22B6C7B822AD00DB005FE877 /* GoogleTest.cmake.in */ = {isa = PBXFileReference; lastKnownFileType = text; path = GoogleTest.cmake.in; sourceTree = "<group>"; };
		22B6C7B922AD00DB005FE877 /* AddCXXCompilerFlag.cmake */ = {isa = PBXFileReference; lastKnownFileType = text; path = AddCXXCompilerFlag.cmake; sourceTree = "<group>"; };
		22B6C7BA22AD00DB005FE877 /* thread_safety_attributes.cpp */ = {isa = PBXFileReference; lastKnownFileType = sourcecode.cpp.cpp; path = thread_safety_attributes.cpp; sourceTree = "<group>"; };
		22B6C7BB22AD00DB005FE877 /* std_regex.cpp */ = {isa = PBXFileReference; lastKnownFileType = sourcecode.cpp.cpp; path = std_regex.cpp; sourceTree = "<group>"; };
		22B6C7BC22AD00DB005FE877 /* GoogleTest.cmake */ = {isa = PBXFileReference; lastKnownFileType = text; path = GoogleTest.cmake; sourceTree = "<group>"; };
		22B6C7BD22AD00DB005FE877 /* steady_clock.cpp */ = {isa = PBXFileReference; lastKnownFileType = sourcecode.cpp.cpp; path = steady_clock.cpp; sourceTree = "<group>"; };
		22B6C7BE22AD00DB005FE877 /* Config.cmake.in */ = {isa = PBXFileReference; lastKnownFileType = text; path = Config.cmake.in; sourceTree = "<group>"; };
		22B6C7BF22AD00DB005FE877 /* llvm-toolchain.cmake */ = {isa = PBXFileReference; lastKnownFileType = text; path = "llvm-toolchain.cmake"; sourceTree = "<group>"; };
		22B6C7C022AD00DB005FE877 /* benchmark.pc.in */ = {isa = PBXFileReference; lastKnownFileType = text; path = benchmark.pc.in; sourceTree = "<group>"; };
		22B6C7C122AD00DB005FE877 /* gnu_posix_regex.cpp */ = {isa = PBXFileReference; lastKnownFileType = sourcecode.cpp.cpp; path = gnu_posix_regex.cpp; sourceTree = "<group>"; };
		22B6C7C322AD00DB005FE877 /* FindLLVMAr.cmake */ = {isa = PBXFileReference; lastKnownFileType = text; path = FindLLVMAr.cmake; sourceTree = "<group>"; };
		22B6C7C422AD00DB005FE877 /* FindLLVMRanLib.cmake */ = {isa = PBXFileReference; lastKnownFileType = text; path = FindLLVMRanLib.cmake; sourceTree = "<group>"; };
		22B6C7C522AD00DB005FE877 /* FindLLVMNm.cmake */ = {isa = PBXFileReference; lastKnownFileType = text; path = FindLLVMNm.cmake; sourceTree = "<group>"; };
		22B6C7C622AD00DB005FE877 /* GetGitVersion.cmake */ = {isa = PBXFileReference; lastKnownFileType = text; path = GetGitVersion.cmake; sourceTree = "<group>"; };
		22B6C7C722AD00DB005FE877 /* CXXFeatureCheck.cmake */ = {isa = PBXFileReference; lastKnownFileType = text; path = CXXFeatureCheck.cmake; sourceTree = "<group>"; };
		22B6C7C822AD00DB005FE877 /* AUTHORS */ = {isa = PBXFileReference; lastKnownFileType = text; path = AUTHORS; sourceTree = "<group>"; };
		22B6C7CB22AD00DB005FE877 /* benchmark.h */ = {isa = PBXFileReference; lastKnownFileType = sourcecode.c.h; path = benchmark.h; sourceTree = "<group>"; };
		22B6C7CC22AD00DB005FE877 /* WORKSPACE */ = {isa = PBXFileReference; lastKnownFileType = text; path = WORKSPACE; sourceTree = "<group>"; };
		22B6C7CD22AD00DB005FE877 /* dependencies.md */ = {isa = PBXFileReference; lastKnownFileType = net.daringfireball.markdown; path = dependencies.md; sourceTree = "<group>"; };
		22B6C7CE22AD00DB005FE877 /* conanfile.py */ = {isa = PBXFileReference; lastKnownFileType = text.script.python; path = conanfile.py; sourceTree = "<group>"; };
		22B6C7D022AD00DB005FE877 /* AssemblyTests.md */ = {isa = PBXFileReference; lastKnownFileType = net.daringfireball.markdown; path = AssemblyTests.md; sourceTree = "<group>"; };
		22B6C7D122AD00DB005FE877 /* _config.yml */ = {isa = PBXFileReference; lastKnownFileType = text; path = _config.yml; sourceTree = "<group>"; };
		22B6C7D222AD00DB005FE877 /* tools.md */ = {isa = PBXFileReference; lastKnownFileType = net.daringfireball.markdown; path = tools.md; sourceTree = "<group>"; };
		22B6C7D322AD00DB005FE877 /* CONTRIBUTORS */ = {isa = PBXFileReference; lastKnownFileType = text; path = CONTRIBUTORS; sourceTree = "<group>"; };
		22B6C7D422AD00DB005FE877 /* README.md */ = {isa = PBXFileReference; lastKnownFileType = net.daringfireball.markdown; path = README.md; sourceTree = "<group>"; };
		22B6C7D522AD00DB005FE877 /* appveyor.yml */ = {isa = PBXFileReference; lastKnownFileType = text; path = appveyor.yml; sourceTree = "<group>"; };
		22B6C7D622AD00DB005FE877 /* .gitignore */ = {isa = PBXFileReference; lastKnownFileType = text; path = .gitignore; sourceTree = "<group>"; };
		22B6C7D722AD00DB005FE877 /* CONTRIBUTING.md */ = {isa = PBXFileReference; lastKnownFileType = net.daringfireball.markdown; path = CONTRIBUTING.md; sourceTree = "<group>"; };
		22B6C7D822AD00DB005FE877 /* _config.yml */ = {isa = PBXFileReference; lastKnownFileType = text; path = _config.yml; sourceTree = "<group>"; };
		22B6C7D922AD00DB005FE877 /* .clang-format */ = {isa = PBXFileReference; lastKnownFileType = text; path = ".clang-format"; sourceTree = "<group>"; };
		22B6C7DB22AD00DB005FE877 /* CMakeLists.txt */ = {isa = PBXFileReference; lastKnownFileType = text; path = CMakeLists.txt; sourceTree = "<group>"; };
		22B6C7DD22AD00DB005FE877 /* CMakeLists.txt */ = {isa = PBXFileReference; lastKnownFileType = text; path = CMakeLists.txt; sourceTree = "<group>"; };
		22B6C7DE22AD00DB005FE877 /* conanfile.py */ = {isa = PBXFileReference; lastKnownFileType = text.script.python; path = conanfile.py; sourceTree = "<group>"; };
		22B6C7DF22AD00DB005FE877 /* test_package.cpp */ = {isa = PBXFileReference; lastKnownFileType = sourcecode.cpp.cpp; path = test_package.cpp; sourceTree = "<group>"; };
		22B6C7E022AD00DB005FE877 /* BUILD.bazel */ = {isa = PBXFileReference; lastKnownFileType = text; path = BUILD.bazel; sourceTree = "<group>"; };
		22B6C7E122AD00DB005FE877 /* .ycm_extra_conf.py */ = {isa = PBXFileReference; lastKnownFileType = text.script.python; path = .ycm_extra_conf.py; sourceTree = "<group>"; };
		22B6C7E222AD00DB005FE877 /* .travis.yml */ = {isa = PBXFileReference; lastKnownFileType = text; path = .travis.yml; sourceTree = "<group>"; };
		22B6C7E422AD00DB005FE877 /* timers.h */ = {isa = PBXFileReference; lastKnownFileType = sourcecode.c.h; path = timers.h; sourceTree = "<group>"; };
		22B6C7E522AD00DB005FE877 /* timers.cc */ = {isa = PBXFileReference; lastKnownFileType = sourcecode.cpp.cpp; path = timers.cc; sourceTree = "<group>"; };
		22B6C7E622AD00DB005FE877 /* benchmark_register.h */ = {isa = PBXFileReference; lastKnownFileType = sourcecode.c.h; path = benchmark_register.h; sourceTree = "<group>"; };
		22B6C7E722AD00DB005FE877 /* commandlineflags.cc */ = {isa = PBXFileReference; lastKnownFileType = sourcecode.cpp.cpp; path = commandlineflags.cc; sourceTree = "<group>"; };
		22B6C7E822AD00DB005FE877 /* statistics.cc */ = {isa = PBXFileReference; lastKnownFileType = sourcecode.cpp.cpp; path = statistics.cc; sourceTree = "<group>"; };
		22B6C7E922AD00DB005FE877 /* sleep.h */ = {isa = PBXFileReference; lastKnownFileType = sourcecode.c.h; path = sleep.h; sourceTree = "<group>"; };
		22B6C7EA22AD00DB005FE877 /* thread_timer.h */ = {isa = PBXFileReference; lastKnownFileType = sourcecode.c.h; path = thread_timer.h; sourceTree = "<group>"; };
		22B6C7EB22AD00DB005FE877 /* complexity.h */ = {isa = PBXFileReference; lastKnownFileType = sourcecode.c.h; path = complexity.h; sourceTree = "<group>"; };
		22B6C7EC22AD00DB005FE877 /* benchmark_runner.cc */ = {isa = PBXFileReference; lastKnownFileType = sourcecode.cpp.cpp; path = benchmark_runner.cc; sourceTree = "<group>"; };
		22B6C7ED22AD00DB005FE877 /* console_reporter.cc */ = {isa = PBXFileReference; lastKnownFileType = sourcecode.cpp.cpp; path = console_reporter.cc; sourceTree = "<group>"; };
		22B6C7EE22AD00DB005FE877 /* colorprint.h */ = {isa = PBXFileReference; lastKnownFileType = sourcecode.c.h; path = colorprint.h; sourceTree = "<group>"; };
		22B6C7EF22AD00DB005FE877 /* CMakeLists.txt */ = {isa = PBXFileReference; lastKnownFileType = text; path = CMakeLists.txt; sourceTree = "<group>"; };
		22B6C7F022AD00DB005FE877 /* benchmark_register.cc */ = {isa = PBXFileReference; lastKnownFileType = sourcecode.cpp.cpp; path = benchmark_register.cc; sourceTree = "<group>"; };
		22B6C7F122AD00DB005FE877 /* counter.h */ = {isa = PBXFileReference; lastKnownFileType = sourcecode.c.h; path = counter.h; sourceTree = "<group>"; };
		22B6C7F222AD00DB005FE877 /* thread_manager.h */ = {isa = PBXFileReference; lastKnownFileType = sourcecode.c.h; path = thread_manager.h; sourceTree = "<group>"; };
		22B6C7F322AD00DB005FE877 /* counter.cc */ = {isa = PBXFileReference; lastKnownFileType = sourcecode.cpp.cpp; path = counter.cc; sourceTree = "<group>"; };
		22B6C7F422AD00DB005FE877 /* string_util.h */ = {isa = PBXFileReference; lastKnownFileType = sourcecode.c.h; path = string_util.h; sourceTree = "<group>"; };
		22B6C7F522AD00DB005FE877 /* re.h */ = {isa = PBXFileReference; lastKnownFileType = sourcecode.c.h; path = re.h; sourceTree = "<group>"; };
		22B6C7F622AD00DB005FE877 /* arraysize.h */ = {isa = PBXFileReference; lastKnownFileType = sourcecode.c.h; path = arraysize.h; sourceTree = "<group>"; };
		22B6C7F722AD00DB005FE877 /* commandlineflags.h */ = {isa = PBXFileReference; lastKnownFileType = sourcecode.c.h; path = commandlineflags.h; sourceTree = "<group>"; };
		22B6C7F822AD00DB005FE877 /* sleep.cc */ = {isa = PBXFileReference; lastKnownFileType = sourcecode.cpp.cpp; path = sleep.cc; sourceTree = "<group>"; };
		22B6C7F922AD00DB005FE877 /* sysinfo.cc */ = {isa = PBXFileReference; lastKnownFileType = sourcecode.cpp.cpp; path = sysinfo.cc; sourceTree = "<group>"; };
		22B6C7FA22AD00DB005FE877 /* csv_reporter.cc */ = {isa = PBXFileReference; lastKnownFileType = sourcecode.cpp.cpp; path = csv_reporter.cc; sourceTree = "<group>"; };
		22B6C7FB22AD00DB005FE877 /* benchmark_api_internal.cc */ = {isa = PBXFileReference; lastKnownFileType = sourcecode.cpp.cpp; path = benchmark_api_internal.cc; sourceTree = "<group>"; };
		22B6C7FC22AD00DB005FE877 /* benchmark_main.cc */ = {isa = PBXFileReference; lastKnownFileType = sourcecode.cpp.cpp; path = benchmark_main.cc; sourceTree = "<group>"; };
		22B6C7FD22AD00DB005FE877 /* benchmark_name.cc */ = {isa = PBXFileReference; lastKnownFileType = sourcecode.cpp.cpp; path = benchmark_name.cc; sourceTree = "<group>"; };
		22B6C7FE22AD00DB005FE877 /* complexity.cc */ = {isa = PBXFileReference; lastKnownFileType = sourcecode.cpp.cpp; path = complexity.cc; sourceTree = "<group>"; };
		22B6C7FF22AD00DB005FE877 /* internal_macros.h */ = {isa = PBXFileReference; lastKnownFileType = sourcecode.c.h; path = internal_macros.h; sourceTree = "<group>"; };
		22B6C80022AD00DB005FE877 /* json_reporter.cc */ = {isa = PBXFileReference; lastKnownFileType = sourcecode.cpp.cpp; path = json_reporter.cc; sourceTree = "<group>"; };
		22B6C80122AD00DB005FE877 /* cycleclock.h */ = {isa = PBXFileReference; lastKnownFileType = sourcecode.c.h; path = cycleclock.h; sourceTree = "<group>"; };
		22B6C80222AD00DB005FE877 /* reporter.cc */ = {isa = PBXFileReference; lastKnownFileType = sourcecode.cpp.cpp; path = reporter.cc; sourceTree = "<group>"; };
		22B6C80322AD00DB005FE877 /* colorprint.cc */ = {isa = PBXFileReference; lastKnownFileType = sourcecode.cpp.cpp; path = colorprint.cc; sourceTree = "<group>"; };
		22B6C80422AD00DB005FE877 /* log.h */ = {isa = PBXFileReference; lastKnownFileType = sourcecode.c.h; path = log.h; sourceTree = "<group>"; };
		22B6C80522AD00DB005FE877 /* check.h */ = {isa = PBXFileReference; lastKnownFileType = sourcecode.c.h; path = check.h; sourceTree = "<group>"; };
		22B6C80622AD00DB005FE877 /* statistics.h */ = {isa = PBXFileReference; lastKnownFileType = sourcecode.c.h; path = statistics.h; sourceTree = "<group>"; };
		22B6C80722AD00DB005FE877 /* benchmark_api_internal.h */ = {isa = PBXFileReference; lastKnownFileType = sourcecode.c.h; path = benchmark_api_internal.h; sourceTree = "<group>"; };
		22B6C80822AD00DB005FE877 /* string_util.cc */ = {isa = PBXFileReference; lastKnownFileType = sourcecode.cpp.cpp; path = string_util.cc; sourceTree = "<group>"; };
		22B6C80922AD00DB005FE877 /* mutex.h */ = {isa = PBXFileReference; lastKnownFileType = sourcecode.c.h; path = mutex.h; sourceTree = "<group>"; };
		22B6C80A22AD00DB005FE877 /* benchmark_runner.h */ = {isa = PBXFileReference; lastKnownFileType = sourcecode.c.h; path = benchmark_runner.h; sourceTree = "<group>"; };
		22B6C80B22AD00DB005FE877 /* benchmark.cc */ = {isa = PBXFileReference; lastKnownFileType = sourcecode.cpp.cpp; path = benchmark.cc; sourceTree = "<group>"; };
		22B6C82322AD1A0A005FE877 /* cat.hpp */ = {isa = PBXFileReference; lastKnownFileType = sourcecode.cpp.h; path = cat.hpp; sourceTree = "<group>"; };
/* End PBXFileReference section */

/* Begin PBXFrameworksBuildPhase section */
		225DB29422AD007600AE33F4 /* Frameworks */ = {
			isa = PBXFrameworksBuildPhase;
			buildActionMask = 2147483647;
			files = (
			);
			runOnlyForDeploymentPostprocessing = 0;
		};
		22B636BD22ACFEE400B48889 /* Frameworks */ = {
			isa = PBXFrameworksBuildPhase;
			buildActionMask = 2147483647;
			files = (
				22B6C82222AD014C005FE877 /* libgoogle_benchmark.a in Frameworks */,
			);
			runOnlyForDeploymentPostprocessing = 0;
		};
/* End PBXFrameworksBuildPhase section */

/* Begin PBXGroup section */
		22B636B722ACFEE400B48889 = {
			isa = PBXGroup;
			children = (
				22B636C222ACFEE400B48889 /* premultiply_alpha */,
				22B6C77C22AD00DB005FE877 /* lib */,
				22B636C122ACFEE400B48889 /* Products */,
				22B6C82122AD014C005FE877 /* Frameworks */,
			);
			sourceTree = "<group>";
		};
		22B636C122ACFEE400B48889 /* Products */ = {
			isa = PBXGroup;
			children = (
				22B636C022ACFEE400B48889 /* premultiply_alpha */,
				225DB29622AD007600AE33F4 /* libgoogle_benchmark.a */,
			);
			name = Products;
			sourceTree = "<group>";
		};
		22B636C222ACFEE400B48889 /* premultiply_alpha */ = {
			isa = PBXGroup;
			children = (
				22B6C82322AD1A0A005FE877 /* cat.hpp */,
				22B636C322ACFEE400B48889 /* main.cpp */,
				2269D80B22AD22B400D07486 /* premultiply_alpha.hpp */,
				2269D80D22AD284B00D07486 /* benchmark.cpp */,
				2269D80E22AD284B00D07486 /* benchmark.hpp */,
				2269D81022AD40C300D07486 /* test.cpp */,
				2269D81122AD40C300D07486 /* test.hpp */,
			);
			path = premultiply_alpha;
			sourceTree = "<group>";
		};
		22B6C77C22AD00DB005FE877 /* lib */ = {
			isa = PBXGroup;
			children = (
				22B6C77D22AD00DB005FE877 /* benchmark */,
			);
			path = lib;
			sourceTree = "<group>";
		};
		22B6C77D22AD00DB005FE877 /* benchmark */ = {
			isa = PBXGroup;
			children = (
				22B6C77E22AD00DB005FE877 /* mingw.py */,
				22B6C77F22AD00DB005FE877 /* tools */,
				22B6C78C22AD00DB005FE877 /* releasing.md */,
				22B6C78D22AD00DB005FE877 /* CMakeLists.txt */,
				22B6C78E22AD00DB005FE877 /* .travis-libcxx-setup.sh */,
				22B6C78F22AD00DB005FE877 /* LICENSE */,
				22B6C79022AD00DB005FE877 /* test */,
				22B6C7B522AD00DB005FE877 /* cmake */,
				22B6C7C822AD00DB005FE877 /* AUTHORS */,
				22B6C7C922AD00DB005FE877 /* include */,
				22B6C7CC22AD00DB005FE877 /* WORKSPACE */,
				22B6C7CD22AD00DB005FE877 /* dependencies.md */,
				22B6C7CE22AD00DB005FE877 /* conanfile.py */,
				22B6C7CF22AD00DB005FE877 /* docs */,
				22B6C7D322AD00DB005FE877 /* CONTRIBUTORS */,
				22B6C7D422AD00DB005FE877 /* README.md */,
				22B6C7D522AD00DB005FE877 /* appveyor.yml */,
				22B6C7D622AD00DB005FE877 /* .gitignore */,
				22B6C7D722AD00DB005FE877 /* CONTRIBUTING.md */,
				22B6C7D822AD00DB005FE877 /* _config.yml */,
				22B6C7D922AD00DB005FE877 /* .clang-format */,
				22B6C7DA22AD00DB005FE877 /* conan */,
				22B6C7E022AD00DB005FE877 /* BUILD.bazel */,
				22B6C7E122AD00DB005FE877 /* .ycm_extra_conf.py */,
				22B6C7E222AD00DB005FE877 /* .travis.yml */,
				22B6C7E322AD00DB005FE877 /* src */,
			);
			path = benchmark;
			sourceTree = "<group>";
		};
		22B6C77F22AD00DB005FE877 /* tools */ = {
			isa = PBXGroup;
			children = (
				22B6C78022AD00DB005FE877 /* strip_asm.py */,
				22B6C78122AD00DB005FE877 /* gbench */,
				22B6C78B22AD00DB005FE877 /* compare.py */,
			);
			path = tools;
			sourceTree = "<group>";
		};
		22B6C78122AD00DB005FE877 /* gbench */ = {
			isa = PBXGroup;
			children = (
				22B6C78222AD00DB005FE877 /* util.py */,
				22B6C78322AD00DB005FE877 /* __init__.py */,
				22B6C78422AD00DB005FE877 /* report.py */,
				22B6C78522AD00DB005FE877 /* Inputs */,
			);
			path = gbench;
			sourceTree = "<group>";
		};
		22B6C78522AD00DB005FE877 /* Inputs */ = {
			isa = PBXGroup;
			children = (
				22B6C78622AD00DB005FE877 /* test2_run.json */,
				22B6C78722AD00DB005FE877 /* test3_run1.json */,
				22B6C78822AD00DB005FE877 /* test3_run0.json */,
				22B6C78922AD00DB005FE877 /* test1_run2.json */,
				22B6C78A22AD00DB005FE877 /* test1_run1.json */,
			);
			path = Inputs;
			sourceTree = "<group>";
		};
		22B6C79022AD00DB005FE877 /* test */ = {
			isa = PBXGroup;
			children = (
				22B6C79122AD00DB005FE877 /* user_counters_test.cc */,
				22B6C79222AD00DB005FE877 /* diagnostics_test.cc */,
				22B6C79322AD00DB005FE877 /* AssemblyTests.cmake */,
				22B6C79422AD00DB005FE877 /* benchmark_test.cc */,
				22B6C79522AD00DB005FE877 /* donotoptimize_assembly_test.cc */,
				22B6C79622AD00DB005FE877 /* CMakeLists.txt */,
				22B6C79722AD00DB005FE877 /* basic_test.cc */,
				22B6C79822AD00DB005FE877 /* memory_manager_test.cc */,
				22B6C79922AD00DB005FE877 /* string_util_gtest.cc */,
				22B6C79A22AD00DB005FE877 /* output_test.h */,
				22B6C79B22AD00DB005FE877 /* skip_with_error_test.cc */,
				22B6C79C22AD00DB005FE877 /* map_test.cc */,
				22B6C79D22AD00DB005FE877 /* state_assembly_test.cc */,
				22B6C79E22AD00DB005FE877 /* user_counters_thousands_test.cc */,
				22B6C79F22AD00DB005FE877 /* benchmark_name_gtest.cc */,
				22B6C7A022AD00DB005FE877 /* clobber_memory_assembly_test.cc */,
				22B6C7A122AD00DB005FE877 /* output_test_helper.cc */,
				22B6C7A222AD00DB005FE877 /* options_test.cc */,
				22B6C7A322AD00DB005FE877 /* display_aggregates_only_test.cc */,
				22B6C7A422AD00DB005FE877 /* benchmark_gtest.cc */,
				22B6C7A522AD00DB005FE877 /* link_main_test.cc */,
				22B6C7A622AD00DB005FE877 /* complexity_test.cc */,
				22B6C7A722AD00DB005FE877 /* fixture_test.cc */,
				22B6C7A822AD00DB005FE877 /* statistics_gtest.cc */,
				22B6C7A922AD00DB005FE877 /* internal_threading_test.cc */,
				22B6C7AA22AD00DB005FE877 /* cxx03_test.cc */,
				22B6C7AB22AD00DB005FE877 /* commandlineflags_gtest.cc */,
				22B6C7AC22AD00DB005FE877 /* donotoptimize_test.cc */,
				22B6C7AD22AD00DB005FE877 /* user_counters_tabular_test.cc */,
				22B6C7AE22AD00DB005FE877 /* report_aggregates_only_test.cc */,
				22B6C7AF22AD00DB005FE877 /* multiple_ranges_test.cc */,
				22B6C7B022AD00DB005FE877 /* reporter_output_test.cc */,
				22B6C7B122AD00DB005FE877 /* BUILD */,
				22B6C7B222AD00DB005FE877 /* filter_test.cc */,
				22B6C7B322AD00DB005FE877 /* register_benchmark_test.cc */,
				22B6C7B422AD00DB005FE877 /* templated_fixture_test.cc */,
			);
			path = test;
			sourceTree = "<group>";
		};
		22B6C7B522AD00DB005FE877 /* cmake */ = {
			isa = PBXGroup;
			children = (
				22B6C7B622AD00DB005FE877 /* posix_regex.cpp */,
				22B6C7B722AD00DB005FE877 /* split_list.cmake */,
				22B6C7B822AD00DB005FE877 /* GoogleTest.cmake.in */,
				22B6C7B922AD00DB005FE877 /* AddCXXCompilerFlag.cmake */,
				22B6C7BA22AD00DB005FE877 /* thread_safety_attributes.cpp */,
				22B6C7BB22AD00DB005FE877 /* std_regex.cpp */,
				22B6C7BC22AD00DB005FE877 /* GoogleTest.cmake */,
				22B6C7BD22AD00DB005FE877 /* steady_clock.cpp */,
				22B6C7BE22AD00DB005FE877 /* Config.cmake.in */,
				22B6C7BF22AD00DB005FE877 /* llvm-toolchain.cmake */,
				22B6C7C022AD00DB005FE877 /* benchmark.pc.in */,
				22B6C7C122AD00DB005FE877 /* gnu_posix_regex.cpp */,
				22B6C7C222AD00DB005FE877 /* Modules */,
				22B6C7C622AD00DB005FE877 /* GetGitVersion.cmake */,
				22B6C7C722AD00DB005FE877 /* CXXFeatureCheck.cmake */,
			);
			path = cmake;
			sourceTree = "<group>";
		};
		22B6C7C222AD00DB005FE877 /* Modules */ = {
			isa = PBXGroup;
			children = (
				22B6C7C322AD00DB005FE877 /* FindLLVMAr.cmake */,
				22B6C7C422AD00DB005FE877 /* FindLLVMRanLib.cmake */,
				22B6C7C522AD00DB005FE877 /* FindLLVMNm.cmake */,
			);
			path = Modules;
			sourceTree = "<group>";
		};
		22B6C7C922AD00DB005FE877 /* include */ = {
			isa = PBXGroup;
			children = (
				22B6C7CA22AD00DB005FE877 /* benchmark */,
			);
			path = include;
			sourceTree = "<group>";
		};
		22B6C7CA22AD00DB005FE877 /* benchmark */ = {
			isa = PBXGroup;
			children = (
				22B6C7CB22AD00DB005FE877 /* benchmark.h */,
			);
			path = benchmark;
			sourceTree = "<group>";
		};
		22B6C7CF22AD00DB005FE877 /* docs */ = {
			isa = PBXGroup;
			children = (
				22B6C7D022AD00DB005FE877 /* AssemblyTests.md */,
				22B6C7D122AD00DB005FE877 /* _config.yml */,
				22B6C7D222AD00DB005FE877 /* tools.md */,
			);
			path = docs;
			sourceTree = "<group>";
		};
		22B6C7DA22AD00DB005FE877 /* conan */ = {
			isa = PBXGroup;
			children = (
				22B6C7DB22AD00DB005FE877 /* CMakeLists.txt */,
				22B6C7DC22AD00DB005FE877 /* test_package */,
			);
			path = conan;
			sourceTree = "<group>";
		};
		22B6C7DC22AD00DB005FE877 /* test_package */ = {
			isa = PBXGroup;
			children = (
				22B6C7DD22AD00DB005FE877 /* CMakeLists.txt */,
				22B6C7DE22AD00DB005FE877 /* conanfile.py */,
				22B6C7DF22AD00DB005FE877 /* test_package.cpp */,
			);
			path = test_package;
			sourceTree = "<group>";
		};
		22B6C7E322AD00DB005FE877 /* src */ = {
			isa = PBXGroup;
			children = (
				22B6C7E422AD00DB005FE877 /* timers.h */,
				22B6C7E522AD00DB005FE877 /* timers.cc */,
				22B6C7E622AD00DB005FE877 /* benchmark_register.h */,
				22B6C7E722AD00DB005FE877 /* commandlineflags.cc */,
				22B6C7E822AD00DB005FE877 /* statistics.cc */,
				22B6C7E922AD00DB005FE877 /* sleep.h */,
				22B6C7EA22AD00DB005FE877 /* thread_timer.h */,
				22B6C7EB22AD00DB005FE877 /* complexity.h */,
				22B6C7EC22AD00DB005FE877 /* benchmark_runner.cc */,
				22B6C7ED22AD00DB005FE877 /* console_reporter.cc */,
				22B6C7EE22AD00DB005FE877 /* colorprint.h */,
				22B6C7EF22AD00DB005FE877 /* CMakeLists.txt */,
				22B6C7F022AD00DB005FE877 /* benchmark_register.cc */,
				22B6C7F122AD00DB005FE877 /* counter.h */,
				22B6C7F222AD00DB005FE877 /* thread_manager.h */,
				22B6C7F322AD00DB005FE877 /* counter.cc */,
				22B6C7F422AD00DB005FE877 /* string_util.h */,
				22B6C7F522AD00DB005FE877 /* re.h */,
				22B6C7F622AD00DB005FE877 /* arraysize.h */,
				22B6C7F722AD00DB005FE877 /* commandlineflags.h */,
				22B6C7F822AD00DB005FE877 /* sleep.cc */,
				22B6C7F922AD00DB005FE877 /* sysinfo.cc */,
				22B6C7FA22AD00DB005FE877 /* csv_reporter.cc */,
				22B6C7FB22AD00DB005FE877 /* benchmark_api_internal.cc */,
				22B6C7FC22AD00DB005FE877 /* benchmark_main.cc */,
				22B6C7FD22AD00DB005FE877 /* benchmark_name.cc */,
				22B6C7FE22AD00DB005FE877 /* complexity.cc */,
				22B6C7FF22AD00DB005FE877 /* internal_macros.h */,
				22B6C80022AD00DB005FE877 /* json_reporter.cc */,
				22B6C80122AD00DB005FE877 /* cycleclock.h */,
				22B6C80222AD00DB005FE877 /* reporter.cc */,
				22B6C80322AD00DB005FE877 /* colorprint.cc */,
				22B6C80422AD00DB005FE877 /* log.h */,
				22B6C80522AD00DB005FE877 /* check.h */,
				22B6C80622AD00DB005FE877 /* statistics.h */,
				22B6C80722AD00DB005FE877 /* benchmark_api_internal.h */,
				22B6C80822AD00DB005FE877 /* string_util.cc */,
				22B6C80922AD00DB005FE877 /* mutex.h */,
				22B6C80A22AD00DB005FE877 /* benchmark_runner.h */,
				22B6C80B22AD00DB005FE877 /* benchmark.cc */,
			);
			path = src;
			sourceTree = "<group>";
		};
		22B6C82122AD014C005FE877 /* Frameworks */ = {
			isa = PBXGroup;
			children = (
			);
			name = Frameworks;
			sourceTree = "<group>";
		};
/* End PBXGroup section */

/* Begin PBXHeadersBuildPhase section */
		225DB29222AD007600AE33F4 /* Headers */ = {
			isa = PBXHeadersBuildPhase;
			buildActionMask = 2147483647;
			files = (
			);
			runOnlyForDeploymentPostprocessing = 0;
		};
/* End PBXHeadersBuildPhase section */

/* Begin PBXNativeTarget section */
		225DB29522AD007600AE33F4 /* google_benchmark */ = {
			isa = PBXNativeTarget;
			buildConfigurationList = 225DB29722AD007600AE33F4 /* Build configuration list for PBXNativeTarget "google_benchmark" */;
			buildPhases = (
				225DB29222AD007600AE33F4 /* Headers */,
				225DB29322AD007600AE33F4 /* Sources */,
				225DB29422AD007600AE33F4 /* Frameworks */,
			);
			buildRules = (
			);
			dependencies = (
			);
			name = google_benchmark;
			productName = google_benchmark;
			productReference = 225DB29622AD007600AE33F4 /* libgoogle_benchmark.a */;
			productType = "com.apple.product-type.library.static";
		};
		22B636BF22ACFEE400B48889 /* premultiply_alpha */ = {
			isa = PBXNativeTarget;
			buildConfigurationList = 22B636C722ACFEE400B48889 /* Build configuration list for PBXNativeTarget "premultiply_alpha" */;
			buildPhases = (
				22B636BC22ACFEE400B48889 /* Sources */,
				22B636BD22ACFEE400B48889 /* Frameworks */,
				22B636BE22ACFEE400B48889 /* CopyFiles */,
			);
			buildRules = (
			);
			dependencies = (
				22B6C82022AD0147005FE877 /* PBXTargetDependency */,
			);
			name = premultiply_alpha;
			productName = premultiply_alpha;
			productReference = 22B636C022ACFEE400B48889 /* premultiply_alpha */;
			productType = "com.apple.product-type.tool";
		};
/* End PBXNativeTarget section */

/* Begin PBXProject section */
		22B636B822ACFEE400B48889 /* Project object */ = {
			isa = PBXProject;
			attributes = {
				LastUpgradeCheck = 1100;
				ORGANIZATIONNAME = "Pretty Simple";
				TargetAttributes = {
					225DB29522AD007600AE33F4 = {
						CreatedOnToolsVersion = 11.0;
					};
					22B636BF22ACFEE400B48889 = {
						CreatedOnToolsVersion = 11.0;
					};
				};
			};
			buildConfigurationList = 22B636BB22ACFEE400B48889 /* Build configuration list for PBXProject "premultiply_alpha" */;
			compatibilityVersion = "Xcode 9.3";
			developmentRegion = en;
			hasScannedForEncodings = 0;
			knownRegions = (
				en,
				Base,
			);
			mainGroup = 22B636B722ACFEE400B48889;
			productRefGroup = 22B636C122ACFEE400B48889 /* Products */;
			projectDirPath = "";
			projectRoot = "";
			targets = (
				22B636BF22ACFEE400B48889 /* premultiply_alpha */,
				225DB29522AD007600AE33F4 /* google_benchmark */,
			);
		};
/* End PBXProject section */

/* Begin PBXSourcesBuildPhase section */
		225DB29322AD007600AE33F4 /* Sources */ = {
			isa = PBXSourcesBuildPhase;
			buildActionMask = 2147483647;
			files = (
				22B6C81722AD0121005FE877 /* benchmark_main.cc in Sources */,
				22B6C80E22AD0106005FE877 /* statistics.cc in Sources */,
				22B6C81B22AD0121005FE877 /* reporter.cc in Sources */,
				22B6C81E22AD0121005FE877 /* benchmark.cc in Sources */,
				22B6C81522AD0121005FE877 /* csv_reporter.cc in Sources */,
				22B6C81D22AD0121005FE877 /* string_util.cc in Sources */,
				22B6C81822AD0121005FE877 /* benchmark_name.cc in Sources */,
				22B6C81C22AD0121005FE877 /* colorprint.cc in Sources */,
				22B6C81622AD0121005FE877 /* benchmark_api_internal.cc in Sources */,
				22B6C80C22AD00FF005FE877 /* timers.cc in Sources */,
				22B6C81022AD0121005FE877 /* console_reporter.cc in Sources */,
				22B6C80D22AD0103005FE877 /* commandlineflags.cc in Sources */,
				22B6C81122AD0121005FE877 /* benchmark_register.cc in Sources */,
				22B6C81322AD0121005FE877 /* sleep.cc in Sources */,
				22B6C80F22AD0121005FE877 /* benchmark_runner.cc in Sources */,
				22B6C81A22AD0121005FE877 /* json_reporter.cc in Sources */,
				22B6C81422AD0121005FE877 /* sysinfo.cc in Sources */,
				22B6C81222AD0121005FE877 /* counter.cc in Sources */,
				22B6C81922AD0121005FE877 /* complexity.cc in Sources */,
			);
			runOnlyForDeploymentPostprocessing = 0;
		};
		22B636BC22ACFEE400B48889 /* Sources */ = {
			isa = PBXSourcesBuildPhase;
			buildActionMask = 2147483647;
			files = (
				22B636C422ACFEE400B48889 /* main.cpp in Sources */,
				2269D80F22AD284B00D07486 /* benchmark.cpp in Sources */,
				2269D81222AD40C300D07486 /* test.cpp in Sources */,
			);
			runOnlyForDeploymentPostprocessing = 0;
		};
/* End PBXSourcesBuildPhase section */

/* Begin PBXTargetDependency section */
		22B6C82022AD0147005FE877 /* PBXTargetDependency */ = {
			isa = PBXTargetDependency;
			target = 225DB29522AD007600AE33F4 /* google_benchmark */;
			targetProxy = 22B6C81F22AD0147005FE877 /* PBXContainerItemProxy */;
		};
/* End PBXTargetDependency section */

/* Begin XCBuildConfiguration section */
		225DB29822AD007600AE33F4 /* Debug */ = {
			isa = XCBuildConfiguration;
			buildSettings = {
				CODE_SIGN_STYLE = Automatic;
				DEVELOPMENT_TEAM = MWLR2HTMFW;
				EXECUTABLE_PREFIX = lib;
				GCC_WARN_INHIBIT_ALL_WARNINGS = YES;
				PRODUCT_NAME = "$(TARGET_NAME)";
				SKIP_INSTALL = YES;
				WARNING_CFLAGS = (
					"-Weverything",
					"-Wextra",
					"-pedantic",
					"-Wno-c++98-compat",
					"-Wno-c++98-compat-pedantic",
					"-Wno-c++11-compat",
					"-Wno-c++11-compat-pedantic",
					"-Wno-c++14-compat",
					"-Wno-c++14-compat-pedantic",
					"-Wno-c++17-compat",
					"-Wno-c++17-compat-pedantic",
				);
			};
			name = Debug;
		};
		225DB29922AD007600AE33F4 /* Release */ = {
			isa = XCBuildConfiguration;
			buildSettings = {
				CODE_SIGN_STYLE = Automatic;
				DEVELOPMENT_TEAM = MWLR2HTMFW;
				EXECUTABLE_PREFIX = lib;
				GCC_WARN_INHIBIT_ALL_WARNINGS = YES;
				PRODUCT_NAME = "$(TARGET_NAME)";
				SKIP_INSTALL = YES;
				WARNING_CFLAGS = (
					"-Weverything",
					"-Wextra",
					"-pedantic",
					"-Wno-c++98-compat",
					"-Wno-c++98-compat-pedantic",
					"-Wno-c++11-compat",
					"-Wno-c++11-compat-pedantic",
					"-Wno-c++14-compat",
					"-Wno-c++14-compat-pedantic",
					"-Wno-c++17-compat",
					"-Wno-c++17-compat-pedantic",
				);
			};
			name = Release;
		};
		22B636C522ACFEE400B48889 /* Debug */ = {
			isa = XCBuildConfiguration;
			buildSettings = {
				ALWAYS_SEARCH_USER_PATHS = NO;
				CLANG_ANALYZER_NONNULL = YES;
				CLANG_ANALYZER_NUMBER_OBJECT_CONVERSION = YES_AGGRESSIVE;
				CLANG_CXX_LANGUAGE_STANDARD = "c++17";
				CLANG_CXX_LIBRARY = "libc++";
				CLANG_ENABLE_MODULES = YES;
				CLANG_ENABLE_OBJC_ARC = YES;
				CLANG_ENABLE_OBJC_WEAK = YES;
				CLANG_MODULES_AUTOLINK = NO;
				CLANG_WARN_ASSIGN_ENUM = YES;
				CLANG_WARN_ATOMIC_IMPLICIT_SEQ_CST = YES;
				CLANG_WARN_BLOCK_CAPTURE_AUTORELEASING = YES;
				CLANG_WARN_BOOL_CONVERSION = YES;
				CLANG_WARN_COMMA = YES;
				CLANG_WARN_CONSTANT_CONVERSION = YES;
				CLANG_WARN_CXX0X_EXTENSIONS = YES;
				CLANG_WARN_DEPRECATED_OBJC_IMPLEMENTATIONS = YES;
				CLANG_WARN_DIRECT_OBJC_ISA_USAGE = YES_ERROR;
				CLANG_WARN_DOCUMENTATION_COMMENTS = YES;
				CLANG_WARN_EMPTY_BODY = YES;
				CLANG_WARN_ENUM_CONVERSION = YES;
				CLANG_WARN_FLOAT_CONVERSION = YES;
				CLANG_WARN_IMPLICIT_SIGN_CONVERSION = YES;
				CLANG_WARN_INFINITE_RECURSION = YES;
				CLANG_WARN_INT_CONVERSION = YES;
				CLANG_WARN_NON_LITERAL_NULL_CONVERSION = YES;
				CLANG_WARN_OBJC_IMPLICIT_RETAIN_SELF = YES;
				CLANG_WARN_OBJC_LITERAL_CONVERSION = YES;
				CLANG_WARN_OBJC_ROOT_CLASS = YES_ERROR;
				CLANG_WARN_QUOTED_INCLUDE_IN_FRAMEWORK_HEADER = YES;
				CLANG_WARN_RANGE_LOOP_ANALYSIS = YES;
				CLANG_WARN_SEMICOLON_BEFORE_METHOD_BODY = YES;
				CLANG_WARN_STRICT_PROTOTYPES = YES;
				CLANG_WARN_SUSPICIOUS_IMPLICIT_CONVERSION = YES;
				CLANG_WARN_SUSPICIOUS_MOVE = YES;
				CLANG_WARN_UNGUARDED_AVAILABILITY = YES_AGGRESSIVE;
				CLANG_WARN_UNREACHABLE_CODE = YES;
				CLANG_WARN__DUPLICATE_METHOD_MATCH = YES;
				CLANG_X86_VECTOR_INSTRUCTIONS = "arch=native";
				COPY_PHASE_STRIP = NO;
				DEBUG_INFORMATION_FORMAT = dwarf;
				ENABLE_STRICT_OBJC_MSGSEND = YES;
				ENABLE_TESTABILITY = YES;
				GCC_C_LANGUAGE_STANDARD = c11;
				GCC_DYNAMIC_NO_PIC = NO;
				GCC_ENABLE_CPP_EXCEPTIONS = NO;
				GCC_ENABLE_CPP_RTTI = NO;
				GCC_NO_COMMON_BLOCKS = YES;
				GCC_OPTIMIZATION_LEVEL = 0;
				GCC_PREPROCESSOR_DEFINITIONS = (
					"DEBUG=1",
					"$(inherited)",
				);
				GCC_TREAT_IMPLICIT_FUNCTION_DECLARATIONS_AS_ERRORS = YES;
				GCC_TREAT_INCOMPATIBLE_POINTER_TYPE_WARNINGS_AS_ERRORS = YES;
				GCC_WARN_64_TO_32_BIT_CONVERSION = YES;
				GCC_WARN_ABOUT_MISSING_FIELD_INITIALIZERS = YES;
				GCC_WARN_ABOUT_MISSING_NEWLINE = YES;
				GCC_WARN_ABOUT_MISSING_PROTOTYPES = YES;
				GCC_WARN_ABOUT_RETURN_TYPE = YES_ERROR;
				GCC_WARN_FOUR_CHARACTER_CONSTANTS = YES;
				GCC_WARN_HIDDEN_VIRTUAL_FUNCTIONS = YES;
				GCC_WARN_INITIALIZER_NOT_FULLY_BRACKETED = YES;
				GCC_WARN_NON_VIRTUAL_DESTRUCTOR = YES;
				GCC_WARN_SHADOW = YES;
				GCC_WARN_SIGN_COMPARE = YES;
				GCC_WARN_UNDECLARED_SELECTOR = YES;
				GCC_WARN_UNINITIALIZED_AUTOS = YES_AGGRESSIVE;
				GCC_WARN_UNKNOWN_PRAGMAS = YES;
				GCC_WARN_UNUSED_FUNCTION = YES;
				GCC_WARN_UNUSED_LABEL = YES;
				GCC_WARN_UNUSED_PARAMETER = YES;
				GCC_WARN_UNUSED_VARIABLE = YES;
				HEADER_SEARCH_PATHS = "\"$(SRCROOT)/lib/benchmark/include\"";
				MACOSX_DEPLOYMENT_TARGET = 10.14;
				MTL_ENABLE_DEBUG_INFO = INCLUDE_SOURCE;
				MTL_FAST_MATH = YES;
				ONLY_ACTIVE_ARCH = YES;
				SDKROOT = macosx;
				WARNING_CFLAGS = (
					"-Wall",
					"-Wextra",
					"-pedantic",
					"-Wno-c++98-compat",
					"-Wno-c++98-compat-pedantic",
					"-Wno-c++11-compat",
					"-Wno-c++11-compat-pedantic",
					"-Wno-c++14-compat",
					"-Wno-c++14-compat-pedantic",
					"-Wno-c++17-compat",
					"-Wno-c++17-compat-pedantic",
				);
			};
			name = Debug;
		};
		22B636C622ACFEE400B48889 /* Release */ = {
			isa = XCBuildConfiguration;
			buildSettings = {
				ALWAYS_SEARCH_USER_PATHS = NO;
				CLANG_ANALYZER_NONNULL = YES;
				CLANG_ANALYZER_NUMBER_OBJECT_CONVERSION = YES_AGGRESSIVE;
				CLANG_CXX_LANGUAGE_STANDARD = "c++17";
				CLANG_CXX_LIBRARY = "libc++";
				CLANG_ENABLE_MODULES = YES;
				CLANG_ENABLE_OBJC_ARC = YES;
				CLANG_ENABLE_OBJC_WEAK = YES;
				CLANG_MODULES_AUTOLINK = NO;
				CLANG_WARN_ASSIGN_ENUM = YES;
				CLANG_WARN_ATOMIC_IMPLICIT_SEQ_CST = YES;
				CLANG_WARN_BLOCK_CAPTURE_AUTORELEASING = YES;
				CLANG_WARN_BOOL_CONVERSION = YES;
				CLANG_WARN_COMMA = YES;
				CLANG_WARN_CONSTANT_CONVERSION = YES;
				CLANG_WARN_CXX0X_EXTENSIONS = YES;
				CLANG_WARN_DEPRECATED_OBJC_IMPLEMENTATIONS = YES;
				CLANG_WARN_DIRECT_OBJC_ISA_USAGE = YES_ERROR;
				CLANG_WARN_DOCUMENTATION_COMMENTS = YES;
				CLANG_WARN_EMPTY_BODY = YES;
				CLANG_WARN_ENUM_CONVERSION = YES;
				CLANG_WARN_FLOAT_CONVERSION = YES;
				CLANG_WARN_IMPLICIT_SIGN_CONVERSION = YES;
				CLANG_WARN_INFINITE_RECURSION = YES;
				CLANG_WARN_INT_CONVERSION = YES;
				CLANG_WARN_NON_LITERAL_NULL_CONVERSION = YES;
				CLANG_WARN_OBJC_IMPLICIT_RETAIN_SELF = YES;
				CLANG_WARN_OBJC_LITERAL_CONVERSION = YES;
				CLANG_WARN_OBJC_ROOT_CLASS = YES_ERROR;
				CLANG_WARN_QUOTED_INCLUDE_IN_FRAMEWORK_HEADER = YES;
				CLANG_WARN_RANGE_LOOP_ANALYSIS = YES;
				CLANG_WARN_SEMICOLON_BEFORE_METHOD_BODY = YES;
				CLANG_WARN_STRICT_PROTOTYPES = YES;
				CLANG_WARN_SUSPICIOUS_IMPLICIT_CONVERSION = YES;
				CLANG_WARN_SUSPICIOUS_MOVE = YES;
				CLANG_WARN_UNGUARDED_AVAILABILITY = YES_AGGRESSIVE;
				CLANG_WARN_UNREACHABLE_CODE = YES;
				CLANG_WARN__DUPLICATE_METHOD_MATCH = YES;
				CLANG_X86_VECTOR_INSTRUCTIONS = "arch=native";
				COPY_PHASE_STRIP = NO;
				DEBUG_INFORMATION_FORMAT = "dwarf-with-dsym";
				ENABLE_NS_ASSERTIONS = NO;
				ENABLE_STRICT_OBJC_MSGSEND = YES;
				GCC_C_LANGUAGE_STANDARD = c11;
				GCC_ENABLE_CPP_EXCEPTIONS = NO;
				GCC_ENABLE_CPP_RTTI = NO;
				GCC_FAST_MATH = YES;
				GCC_NO_COMMON_BLOCKS = YES;
				GCC_OPTIMIZATION_LEVEL = fast;
				GCC_PREPROCESSOR_DEFINITIONS = (
					"NDEBUG=1",
					"$(inherited)",
				);
				GCC_TREAT_IMPLICIT_FUNCTION_DECLARATIONS_AS_ERRORS = YES;
				GCC_TREAT_INCOMPATIBLE_POINTER_TYPE_WARNINGS_AS_ERRORS = YES;
				GCC_UNROLL_LOOPS = YES;
				GCC_WARN_64_TO_32_BIT_CONVERSION = YES;
				GCC_WARN_ABOUT_MISSING_FIELD_INITIALIZERS = YES;
				GCC_WARN_ABOUT_MISSING_NEWLINE = YES;
				GCC_WARN_ABOUT_MISSING_PROTOTYPES = YES;
				GCC_WARN_ABOUT_RETURN_TYPE = YES_ERROR;
				GCC_WARN_FOUR_CHARACTER_CONSTANTS = YES;
				GCC_WARN_HIDDEN_VIRTUAL_FUNCTIONS = YES;
				GCC_WARN_INITIALIZER_NOT_FULLY_BRACKETED = YES;
				GCC_WARN_NON_VIRTUAL_DESTRUCTOR = YES;
				GCC_WARN_SHADOW = YES;
				GCC_WARN_SIGN_COMPARE = YES;
				GCC_WARN_UNDECLARED_SELECTOR = YES;
				GCC_WARN_UNINITIALIZED_AUTOS = YES_AGGRESSIVE;
				GCC_WARN_UNKNOWN_PRAGMAS = YES;
				GCC_WARN_UNUSED_FUNCTION = YES;
				GCC_WARN_UNUSED_LABEL = YES;
				GCC_WARN_UNUSED_PARAMETER = YES;
				GCC_WARN_UNUSED_VARIABLE = YES;
				HEADER_SEARCH_PATHS = "\"$(SRCROOT)/lib/benchmark/include\"";
				LLVM_LTO = YES;
				MACOSX_DEPLOYMENT_TARGET = 10.14;
				MTL_ENABLE_DEBUG_INFO = NO;
				MTL_FAST_MATH = YES;
				SDKROOT = macosx;
				WARNING_CFLAGS = (
					"-Wall",
					"-Wextra",
					"-pedantic",
					"-Wno-c++98-compat",
					"-Wno-c++98-compat-pedantic",
					"-Wno-c++11-compat",
					"-Wno-c++11-compat-pedantic",
					"-Wno-c++14-compat",
					"-Wno-c++14-compat-pedantic",
					"-Wno-c++17-compat",
					"-Wno-c++17-compat-pedantic",
				);
			};
			name = Release;
		};
		22B636C822ACFEE400B48889 /* Debug */ = {
			isa = XCBuildConfiguration;
			buildSettings = {
				CODE_SIGN_STYLE = Automatic;
				DEVELOPMENT_TEAM = MWLR2HTMFW;
				ENABLE_HARDENED_RUNTIME = YES;
				PRODUCT_NAME = "$(TARGET_NAME)";
			};
			name = Debug;
		};
		22B636C922ACFEE400B48889 /* Release */ = {
			isa = XCBuildConfiguration;
			buildSettings = {
				CODE_SIGN_STYLE = Automatic;
				DEVELOPMENT_TEAM = MWLR2HTMFW;
				ENABLE_HARDENED_RUNTIME = YES;
				PRODUCT_NAME = "$(TARGET_NAME)";
			};
			name = Release;
		};
/* End XCBuildConfiguration section */

/* Begin XCConfigurationList section */
		225DB29722AD007600AE33F4 /* Build configuration list for PBXNativeTarget "google_benchmark" */ = {
			isa = XCConfigurationList;
			buildConfigurations = (
				225DB29822AD007600AE33F4 /* Debug */,
				225DB29922AD007600AE33F4 /* Release */,
			);
			defaultConfigurationIsVisible = 0;
			defaultConfigurationName = Release;
		};
		22B636BB22ACFEE400B48889 /* Build configuration list for PBXProject "premultiply_alpha" */ = {
			isa = XCConfigurationList;
			buildConfigurations = (
				22B636C522ACFEE400B48889 /* Debug */,
				22B636C622ACFEE400B48889 /* Release */,
			);
			defaultConfigurationIsVisible = 0;
			defaultConfigurationName = Release;
		};
		22B636C722ACFEE400B48889 /* Build configuration list for PBXNativeTarget "premultiply_alpha" */ = {
			isa = XCConfigurationList;
			buildConfigurations = (
				22B636C822ACFEE400B48889 /* Debug */,
				22B636C922ACFEE400B48889 /* Release */,
			);
			defaultConfigurationIsVisible = 0;
			defaultConfigurationName = Release;
		};
/* End XCConfigurationList section */
	};
	rootObject = 22B636B822ACFEE400B48889 /* Project object */;
}
